
Microsoft Visual Studio Solution File, Format Version 12.00
# Visual Studio Version 17
VisualStudioVersion = 17.14.36109.1
MinimumVisualStudioVersion = 10.0.40219.1
Project("{FAE04EC0-301F-11D3-BF4B-00C04F79EFBC}") = "SearchReplaceTool", "SearchReplaceTool\SearchReplaceTool.csproj", "{75E935BB-7FC7-444F-9AEA-2C05F343E610}"
EndProject
Project("{FAE04EC0-301F-11D3-BF4B-00C04F79EFBC}") = "SearchReplaceToolTest", "SearchReplaceToolTest\SearchReplaceToolTest.csproj", "{82D6E593-BF53-468C-AEEC-652C69C81BEE}"
EndProject
Global
	GlobalSection(SolutionConfigurationPlatforms) = preSolution
		Debug|Any CPU = Debug|Any CPU
		Release|Any CPU = Release|Any CPU
	EndGlobalSection
	GlobalSection(ProjectConfigurationPlatforms) = postSolution
		{75E935BB-7FC7-444F-9AEA-2C05F343E610}.Debug|Any CPU.ActiveCfg = Debug|Any CPU
		{75E935BB-7FC7-444F-9AEA-2C05F343E610}.Debug|Any CPU.Build.0 = Debug|Any CPU
		{75E935BB-7FC7-444F-9AEA-2C05F343E610}.Release|Any CPU.ActiveCfg = Release|Any CPU
		{75E935BB-7FC7-444F-9AEA-2C05F343E610}.Release|Any CPU.Build.0 = Release|Any CPU
		{82D6E593-BF53-468C-AEEC-652C69C81BEE}.Debug|Any CPU.ActiveCfg = Debug|Any CPU
		{82D6E593-BF53-468C-AEEC-652C69C81BEE}.Debug|Any CPU.Build.0 = Debug|Any CPU
		{82D6E593-BF53-468C-AEEC-652C69C81BEE}.Release|Any CPU.ActiveCfg = Release|Any CPU
		{82D6E593-BF53-468C-AEEC-652C69C81BEE}.Release|Any CPU.Build.0 = Release|Any CPU
	EndGlobalSection
	GlobalSection(SolutionProperties) = preSolution
		HideSolutionNode = FALSE
	EndGlobalSection
	GlobalSection(ExtensibilityGlobals) = postSolution
		SolutionGuid = {BFDEA6C4-148C-41E3-81DA-9B15CD13A22C}
	EndGlobalSection
EndGlobal
